// !$*UTF8*$!
{
	archiveVersion = 1;
	classes = {
	};
	objectVersion = 46;
	objects = {

/* Begin PBXBuildFile section */
		0077E3C69CD8291E37A96A37 /* Pods_MSToastExample.framework in Frameworks */ = {isa = PBXBuildFile; fileRef = ACF8D7D800EDE19866C443DC /* Pods_MSToastExample.framework */; };
		1E03F3CD1E2FF45A007782F8 /* MSToast.swift in Sources */ = {isa = PBXBuildFile; fileRef = 1E03F3CC1E2FF45A007782F8 /* MSToast.swift */; };
		1EE9036E1E2839C8002D718D /* AppDelegate.swift in Sources */ = {isa = PBXBuildFile; fileRef = 1EE9036D1E2839C8002D718D /* AppDelegate.swift */; };
		1EE903701E2839C8002D718D /* ViewController.swift in Sources */ = {isa = PBXBuildFile; fileRef = 1EE9036F1E2839C8002D718D /* ViewController.swift */; };
		1EE903731E2839C8002D718D /* Main.storyboard in Resources */ = {isa = PBXBuildFile; fileRef = 1EE903711E2839C8002D718D /* Main.storyboard */; };
		1EE903751E2839C8002D718D /* Assets.xcassets in Resources */ = {isa = PBXBuildFile; fileRef = 1EE903741E2839C8002D718D /* Assets.xcassets */; };
		1EE903781E2839C8002D718D /* LaunchScreen.storyboard in Resources */ = {isa = PBXBuildFile; fileRef = 1EE903761E2839C8002D718D /* LaunchScreen.storyboard */; };
/* End PBXBuildFile section */

/* Begin PBXFileReference section */
		1E03F3CC1E2FF45A007782F8 /* MSToast.swift */ = {isa = PBXFileReference; fileEncoding = 4; lastKnownFileType = sourcecode.swift; name = MSToast.swift; path = ../MSToast/MSToast.swift; sourceTree = "<group>"; };
		1EE9036A1E2839C8002D718D /* MSToastExample.app */ = {isa = PBXFileReference; explicitFileType = wrapper.application; includeInIndex = 0; path = MSToastExample.app; sourceTree = BUILT_PRODUCTS_DIR; };
		1EE9036D1E2839C8002D718D /* AppDelegate.swift */ = {isa = PBXFileReference; lastKnownFileType = sourcecode.swift; path = AppDelegate.swift; sourceTree = "<group>"; };
		1EE9036F1E2839C8002D718D /* ViewController.swift */ = {isa = PBXFileReference; lastKnownFileType = sourcecode.swift; path = ViewController.swift; sourceTree = "<group>"; };
		1EE903721E2839C8002D718D /* Base */ = {isa = PBXFileReference; lastKnownFileType = file.storyboard; name = Base; path = Base.lproj/Main.storyboard; sourceTree = "<group>"; };
		1EE903741E2839C8002D718D /* Assets.xcassets */ = {isa = PBXFileReference; lastKnownFileType = folder.assetcatalog; path = Assets.xcassets; sourceTree = "<group>"; };
		1EE903771E2839C8002D718D /* Base */ = {isa = PBXFileReference; lastKnownFileType = file.storyboard; name = Base; path = Base.lproj/LaunchScreen.storyboard; sourceTree = "<group>"; };
		1EE903791E2839C8002D718D /* Info.plist */ = {isa = PBXFileReference; lastKnownFileType = text.plist.xml; path = Info.plist; sourceTree = "<group>"; };
		9EFA6A6A8F7976B93A207D75 /* Pods-MSToastExample.debug.xcconfig */ = {isa = PBXFileReference; includeInIndex = 1; lastKnownFileType = text.xcconfig; name = "Pods-MSToastExample.debug.xcconfig"; path = "Pods/Target Support Files/Pods-MSToastExample/Pods-MSToastExample.debug.xcconfig"; sourceTree = "<group>"; };
		ACF8D7D800EDE19866C443DC /* Pods_MSToastExample.framework */ = {isa = PBXFileReference; explicitFileType = wrapper.framework; includeInIndex = 0; path = Pods_MSToastExample.framework; sourceTree = BUILT_PRODUCTS_DIR; };
		D96BE2C53BF8A6851A04C3B9 /* Pods-MSToastExample.release.xcconfig */ = {isa = PBXFileReference; includeInIndex = 1; lastKnownFileType = text.xcconfig; name = "Pods-MSToastExample.release.xcconfig"; path = "Pods/Target Support Files/Pods-MSToastExample/Pods-MSToastExample.release.xcconfig"; sourceTree = "<group>"; };
/* End PBXFileReference section */

/* Begin PBXFrameworksBuildPhase section */
		1EE903671E2839C8002D718D /* Frameworks */ = {
			isa = PBXFrameworksBuildPhase;
			buildActionMask = 2147483647;
			files = (
				0077E3C69CD8291E37A96A37 /* Pods_MSToastExample.framework in Frameworks */,
			);
			runOnlyForDeploymentPostprocessing = 0;
		};
/* End PBXFrameworksBuildPhase section */

/* Begin PBXGroup section */
		1E03F3CB1E2FF452007782F8 /* MSToast */ = {
			isa = PBXGroup;
			children = (
				1E03F3CC1E2FF45A007782F8 /* MSToast.swift */,
			);
			name = MSToast;
			sourceTree = "<group>";
		};
		1EE903611E2839C8002D718D = {
			isa = PBXGroup;
			children = (
				1EE9036C1E2839C8002D718D /* MSToastExample */,
				1EE9036B1E2839C8002D718D /* Products */,
				2E2BA15575B419D47D1C27D0 /* Pods */,
				B4E1D6A8483FB3AC3D19D964 /* Frameworks */,
			);
			sourceTree = "<group>";
		};
		1EE9036B1E2839C8002D718D /* Products */ = {
			isa = PBXGroup;
			children = (
				1EE9036A1E2839C8002D718D /* MSToastExample.app */,
			);
			name = Products;
			sourceTree = "<group>";
		};
		1EE9036C1E2839C8002D718D /* MSToastExample */ = {
			isa = PBXGroup;
			children = (
				1E03F3CB1E2FF452007782F8 /* MSToast */,
				1EE9036D1E2839C8002D718D /* AppDelegate.swift */,
				1EE9036F1E2839C8002D718D /* ViewController.swift */,
				1EE903711E2839C8002D718D /* Main.storyboard */,
				1EE903741E2839C8002D718D /* Assets.xcassets */,
				1EE903761E2839C8002D718D /* LaunchScreen.storyboard */,
				1EE903791E2839C8002D718D /* Info.plist */,
			);
			path = MSToastExample;
			sourceTree = "<group>";
		};
		2E2BA15575B419D47D1C27D0 /* Pods */ = {
			isa = PBXGroup;
			children = (
				9EFA6A6A8F7976B93A207D75 /* Pods-MSToastExample.debug.xcconfig */,
				D96BE2C53BF8A6851A04C3B9 /* Pods-MSToastExample.release.xcconfig */,
			);
			name = Pods;
			sourceTree = "<group>";
		};
		B4E1D6A8483FB3AC3D19D964 /* Frameworks */ = {
			isa = PBXGroup;
			children = (
				ACF8D7D800EDE19866C443DC /* Pods_MSToastExample.framework */,
			);
			name = Frameworks;
			sourceTree = "<group>";
		};
/* End PBXGroup section */

/* Begin PBXNativeTarget section */
		1EE903691E2839C8002D718D /* MSToastExample */ = {
			isa = PBXNativeTarget;
			buildConfigurationList = 1EE9037C1E2839C8002D718D /* Build configuration list for PBXNativeTarget "MSToastExample" */;
			buildPhases = (
				0195AE310942B1F18E2804D8 /* [CP] Check Pods Manifest.lock */,
				1EE903661E2839C8002D718D /* Sources */,
				1EE903671E2839C8002D718D /* Frameworks */,
				1EE903681E2839C8002D718D /* Resources */,
				80FD9435640A64B1ABFDD1B7 /* [CP] Embed Pods Frameworks */,
				2A9AB13D4DB33A813F5C9DDA /* [CP] Copy Pods Resources */,
			);
			buildRules = (
			);
			dependencies = (
			);
			name = MSToastExample;
			productName = MSToast;
			productReference = 1EE9036A1E2839C8002D718D /* MSToastExample.app */;
			productType = "com.apple.product-type.application";
		};
/* End PBXNativeTarget section */

/* Begin PBXProject section */
		1EE903621E2839C8002D718D /* Project object */ = {
			isa = PBXProject;
			attributes = {
				LastSwiftUpdateCheck = 0820;
				LastUpgradeCheck = 0820;
				ORGANIZATIONNAME = "Michael Shang";
				TargetAttributes = {
					1EE903691E2839C8002D718D = {
						CreatedOnToolsVersion = 8.2.1;
						DevelopmentTeam = CLUBC77HUG;
						ProvisioningStyle = Automatic;
					};
				};
			};
			buildConfigurationList = 1EE903651E2839C8002D718D /* Build configuration list for PBXProject "MSToastExample" */;
			compatibilityVersion = "Xcode 3.2";
			developmentRegion = English;
			hasScannedForEncodings = 0;
			knownRegions = (
				en,
				Base,
			);
			mainGroup = 1EE903611E2839C8002D718D;
			productRefGroup = 1EE9036B1E2839C8002D718D /* Products */;
			projectDirPath = "";
			projectRoot = "";
			targets = (
				1EE903691E2839C8002D718D /* MSToastExample */,
			);
		};
/* End PBXProject section */

/* Begin PBXResourcesBuildPhase section */
		1EE903681E2839C8002D718D /* Resources */ = {
			isa = PBXResourcesBuildPhase;
			buildActionMask = 2147483647;
			files = (
				1EE903781E2839C8002D718D /* LaunchScreen.storyboard in Resources */,
				1EE903751E2839C8002D718D /* Assets.xcassets in Resources */,
				1EE903731E2839C8002D718D /* Main.storyboard in Resources */,
			);
			runOnlyForDeploymentPostprocessing = 0;
		};
/* End PBXResourcesBuildPhase section */

/* Begin PBXShellScriptBuildPhase section */
		0195AE310942B1F18E2804D8 /* [CP] Check Pods Manifest.lock */ = {
			isa = PBXShellScriptBuildPhase;
			buildActionMask = 2147483647;
			files = (
			);
			inputPaths = (
			);
			name = "[CP] Check Pods Manifest.lock";
			outputPaths = (
			);
			runOnlyForDeploymentPostprocessing = 0;
			shellPath = /bin/sh;
			shellScript = "diff \"${PODS_ROOT}/../Podfile.lock\" \"${PODS_ROOT}/Manifest.lock\" > /dev/null\nif [ $? != 0 ] ; then\n    # print error to STDERR\n    echo \"error: The sandbox is not in sync with the Podfile.lock. Run 'pod install' or update your CocoaPods installation.\" >&2\n    exit 1\nfi\n";
			showEnvVarsInLog = 0;
		};
		2A9AB13D4DB33A813F5C9DDA /* [CP] Copy Pods Resources */ = {
			isa = PBXShellScriptBuildPhase;
			buildActionMask = 2147483647;
			files = (
			);
			inputPaths = (
			);
			name = "[CP] Copy Pods Resources";
			outputPaths = (
			);
			runOnlyForDeploymentPostprocessing = 0;
			shellPath = /bin/sh;
			shellScript = "\"${SRCROOT}/Pods/Target Support Files/Pods-MSToastExample/Pods-MSToastExample-resources.sh\"\n";
			showEnvVarsInLog = 0;
		};
		80FD9435640A64B1ABFDD1B7 /* [CP] Embed Pods Frameworks */ = {
			isa = PBXShellScriptBuildPhase;
			buildActionMask = 2147483647;
			files = (
			);
			inputPaths = (
			);
			name = "[CP] Embed Pods Frameworks";
			outputPaths = (
			);
			runOnlyForDeploymentPostprocessing = 0;
			shellPath = /bin/sh;
			shellScript = "\"${SRCROOT}/Pods/Target Support Files/Pods-MSToastExample/Pods-MSToastExample-frameworks.sh\"\n";
			showEnvVarsInLog = 0;
		};
/* End PBXShellScriptBuildPhase section */

/* Begin PBXSourcesBuildPhase section */
		1EE903661E2839C8002D718D /* Sources */ = {
			isa = PBXSourcesBuildPhase;
			buildActionMask = 2147483647;
			files = (
				1EE903701E2839C8002D718D /* ViewController.swift in Sources */,
				1E03F3CD1E2FF45A007782F8 /* MSToast.swift in Sources */,
				1EE9036E1E2839C8002D718D /* AppDelegate.swift in Sources */,
			);
			runOnlyForDeploymentPostprocessing = 0;
		};
/* End PBXSourcesBuildPhase section */

/* Begin PBXVariantGroup section */
		1EE903711E2839C8002D718D /* Main.storyboard */ = {
			isa = PBXVariantGroup;
			children = (
				1EE903721E2839C8002D718D /* Base */,
			);
			name = Main.storyboard;
			sourceTree = "<group>";
		};
		1EE903761E2839C8002D718D /* LaunchScreen.storyboard */ = {
			isa = PBXVariantGroup;
			children = (
				1EE903771E2839C8002D718D /* Base */,
			);
			name = LaunchScreen.storyboard;
			sourceTree = "<group>";
		};
/* End PBXVariantGroup section */

/* Begin XCBuildConfiguration section */
		1EE9037A1E2839C8002D718D /* Debug */ = {
			isa = XCBuildConfiguration;
			buildSettings = {
				ALWAYS_SEARCH_USER_PATHS = NO;
				CLANG_ANALYZER_NONNULL = YES;
				CLANG_CXX_LANGUAGE_STANDARD = "gnu++0x";
				CLANG_CXX_LIBRARY = "libc++";
				CLANG_ENABLE_MODULES = YES;
				CLANG_ENABLE_OBJC_ARC = YES;
				CLANG_WARN_BOOL_CONVERSION = YES;
				CLANG_WARN_CONSTANT_CONVERSION = YES;
				CLANG_WARN_DIRECT_OBJC_ISA_USAGE = YES_ERROR;
				CLANG_WARN_DOCUMENTATION_COMMENTS = YES;
				CLANG_WARN_EMPTY_BODY = YES;
				CLANG_WARN_ENUM_CONVERSION = YES;
				CLANG_WARN_INFINITE_RECURSION = YES;
				CLANG_WARN_INT_CONVERSION = YES;
				CLANG_WARN_OBJC_ROOT_CLASS = YES_ERROR;
				CLANG_WARN_SUSPICIOUS_MOVE = YES;
				CLANG_WARN_UNREACHABLE_CODE = YES;
				CLANG_WARN__DUPLICATE_METHOD_MATCH = YES;
				"CODE_SIGN_IDENTITY[sdk=iphoneos*]" = "iPhone Developer";
				COPY_PHASE_STRIP = NO;
				DEBUG_INFORMATION_FORMAT = dwarf;
				ENABLE_STRICT_OBJC_MSGSEND = YES;
				ENABLE_TESTABILITY = YES;
				GCC_C_LANGUAGE_STANDARD = gnu99;
				GCC_DYNAMIC_NO_PIC = NO;
				GCC_NO_COMMON_BLOCKS = YES;
				GCC_OPTIMIZATION_LEVEL = 0;
				GCC_PREPROCESSOR_DEFINITIONS = (
					"DEBUG=1",
					"$(inherited)",
				);
				GCC_WARN_64_TO_32_BIT_CONVERSION = YES;
				GCC_WARN_ABOUT_RETURN_TYPE = YES_ERROR;
				GCC_WARN_UNDECLARED_SELECTOR = YES;
				GCC_WARN_UNINITIALIZED_AUTOS = YES_AGGRESSIVE;
				GCC_WARN_UNUSED_FUNCTION = YES;
				GCC_WARN_UNUSED_VARIABLE = YES;
				IPHONEOS_DEPLOYMENT_TARGET = 10.2;
				MTL_ENABLE_DEBUG_INFO = YES;
				ONLY_ACTIVE_ARCH = YES;
				SDKROOT = iphoneos;
				SWIFT_ACTIVE_COMPILATION_CONDITIONS = DEBUG;
				SWIFT_OPTIMIZATION_LEVEL = "-Onone";
			};
			name = Debug;
		};
		1EE9037B1E2839C8002D718D /* Release */ = {
			isa = XCBuildConfiguration;
			buildSettings = {
				ALWAYS_SEARCH_USER_PATHS = NO;
				CLANG_ANALYZER_NONNULL = YES;
				CLANG_CXX_LANGUAGE_STANDARD = "gnu++0x";
				CLANG_CXX_LIBRARY = "libc++";
				CLANG_ENABLE_MODULES = YES;
				CLANG_ENABLE_OBJC_ARC = YES;
				CLANG_WARN_BOOL_CONVERSION = YES;
				CLANG_WARN_CONSTANT_CONVERSION = YES;
				CLANG_WARN_DIRECT_OBJC_ISA_USAGE = YES_ERROR;
				CLANG_WARN_DOCUMENTATION_COMMENTS = YES;
				CLANG_WARN_EMPTY_BODY = YES;
				CLANG_WARN_ENUM_CONVERSION = YES;
				CLANG_WARN_INFINITE_RECURSION = YES;
				CLANG_WARN_INT_CONVERSION = YES;
				CLANG_WARN_OBJC_ROOT_CLASS = YES_ERROR;
				CLANG_WARN_SUSPICIOUS_MOVE = YES;
				CLANG_WARN_UNREACHABLE_CODE = YES;
				CLANG_WARN__DUPLICATE_METHOD_MATCH = YES;
				"CODE_SIGN_IDENTITY[sdk=iphoneos*]" = "iPhone Developer";
				COPY_PHASE_STRIP = NO;
				DEBUG_INFORMATION_FORMAT = "dwarf-with-dsym";
				ENABLE_NS_ASSERTIONS = NO;
				ENABLE_STRICT_OBJC_MSGSEND = YES;
				GCC_C_LANGUAGE_STANDARD = gnu99;
				GCC_NO_COMMON_BLOCKS = YES;
				GCC_WARN_64_TO_32_BIT_CONVERSION = YES;
				GCC_WARN_ABOUT_RETURN_TYPE = YES_ERROR;
				GCC_WARN_UNDECLARED_SELECTOR = YES;
				GCC_WARN_UNINITIALIZED_AUTOS = YES_AGGRESSIVE;
				GCC_WARN_UNUSED_FUNCTION = YES;
				GCC_WARN_UNUSED_VARIABLE = YES;
				IPHONEOS_DEPLOYMENT_TARGET = 10.2;
				MTL_ENABLE_DEBUG_INFO = NO;
				SDKROOT = iphoneos;
				SWIFT_OPTIMIZATION_LEVEL = "-Owholemodule";
				VALIDATE_PRODUCT = YES;
			};
			name = Release;
		};
		1EE9037D1E2839C8002D718D /* Debug */ = {
			isa = XCBuildConfiguration;
			baseConfigurationReference = 9EFA6A6A8F7976B93A207D75 /* Pods-MSToastExample.debug.xcconfig */;
			buildSettings = {
				ASSETCATALOG_COMPILER_APPICON_NAME = AppIcon;
				DEVELOPMENT_TEAM = CLUBC77HUG;
				FRAMEWORK_SEARCH_PATHS = (
					"$(inherited)",
					"$(PROJECT_DIR)/MSToastExample",
				);
				INFOPLIST_FILE = MSToastExample/Info.plist;
				IPHONEOS_DEPLOYMENT_TARGET = 9.0;
				LD_RUNPATH_SEARCH_PATHS = "$(inherited) @executable_path/Frameworks";
				PRODUCT_BUNDLE_IDENTIFIER = com.msshang.MSToastExample;
				PRODUCT_NAME = "$(TARGET_NAME)";
				SWIFT_VERSION = 3.0;
			};
			name = Debug;
		};
		1EE9037E1E2839C8002D718D /* Release */ = {
			isa = XCBuildConfiguration;
			baseConfigurationReference = D96BE2C53BF8A6851A04C3B9 /* Pods-MSToastExample.release.xcconfig */;
			buildSettings = {
				ASSETCATALOG_COMPILER_APPICON_NAME = AppIcon;
				DEVELOPMENT_TEAM = CLUBC77HUG;
				FRAMEWORK_SEARCH_PATHS = (
					"$(inherited)",
					"$(PROJECT_DIR)/MSToastExample",
				);
				INFOPLIST_FILE = MSToastExample/Info.plist;
				IPHONEOS_DEPLOYMENT_TARGET = 9.0;
				LD_RUNPATH_SEARCH_PATHS = "$(inherited) @executable_path/Frameworks";
				PRODUCT_BUNDLE_IDENTIFIER = com.msshang.MSToastExample;
				PRODUCT_NAME = "$(TARGET_NAME)";
				SWIFT_VERSION = 3.0;
			};
			name = Release;
		};
/* End XCBuildConfiguration section */

/* Begin XCConfigurationList section */
		1EE903651E2839C8002D718D /* Build configuration list for PBXProject "MSToastExample" */ = {
			isa = XCConfigurationList;
			buildConfigurations = (
				1EE9037A1E2839C8002D718D /* Debug */,
				1EE9037B1E2839C8002D718D /* Release */,
			);
			defaultConfigurationIsVisible = 0;
			defaultConfigurationName = Release;
		};
		1EE9037C1E2839C8002D718D /* Build configuration list for PBXNativeTarget "MSToastExample" */ = {
			isa = XCConfigurationList;
			buildConfigurations = (
				1EE9037D1E2839C8002D718D /* Debug */,
				1EE9037E1E2839C8002D718D /* Release */,
			);
			defaultConfigurationIsVisible = 0;
			defaultConfigurationName = Release;
		};
/* End XCConfigurationList section */
	};
	rootObject = 1EE903621E2839C8002D718D /* Project object */;
}
